// !$*UTF8*$!
{
	archiveVersion = 1;
	classes = {
	};
	objectVersion = 46;
	objects = {

/* Begin PBXBuildFile section */
		276F60DD1FA2787EE7C2560E /* Pods_Notifi.framework in Frameworks */ = {isa = PBXBuildFile; fileRef = ADCF6B8815EC1CF5CBA57063 /* Pods_Notifi.framework */; };
		488FF19D1D3D064E008D5BA2 /* NightlyViewController.swift in Sources */ = {isa = PBXBuildFile; fileRef = 488FF19C1D3D064E008D5BA2 /* NightlyViewController.swift */; };
		488FF19F1D3D0657008D5BA2 /* NightlyViewController.xib in Resources */ = {isa = PBXBuildFile; fileRef = 488FF19E1D3D0657008D5BA2 /* NightlyViewController.xib */; };
		488FF1AE1D3D7C1F008D5BA2 /* Status.swift in Sources */ = {isa = PBXBuildFile; fileRef = 488FF1AD1D3D7C1F008D5BA2 /* Status.swift */; };
		488FF1B11D3D7E36008D5BA2 /* StatusController .swift in Sources */ = {isa = PBXBuildFile; fileRef = 488FF1B01D3D7E36008D5BA2 /* StatusController .swift */; };
		488FF1B31D3D83FC008D5BA2 /* NoticeViewController.swift in Sources */ = {isa = PBXBuildFile; fileRef = 488FF1B21D3D83FC008D5BA2 /* NoticeViewController.swift */; };
		488FF1B51D3D841A008D5BA2 /* NoticeViewController.xib in Resources */ = {isa = PBXBuildFile; fileRef = 488FF1B41D3D841A008D5BA2 /* NoticeViewController.xib */; };
		488FF1BB1D3D9322008D5BA2 /* Assets.xcassets in Resources */ = {isa = PBXBuildFile; fileRef = 488FF1BA1D3D9322008D5BA2 /* Assets.xcassets */; };
		488FF1C21D3E0C42008D5BA2 /* PhotoProfileCollectionViewCell.swift in Sources */ = {isa = PBXBuildFile; fileRef = 488FF1C01D3E0C42008D5BA2 /* PhotoProfileCollectionViewCell.swift */; };
		488FF1C31D3E0C42008D5BA2 /* PhotoProfileCollectionViewCell.xib in Resources */ = {isa = PBXBuildFile; fileRef = 488FF1C11D3E0C42008D5BA2 /* PhotoProfileCollectionViewCell.xib */; };
		650FDD391D3F8A0100D6562B /* FriendTableViewCell.swift in Sources */ = {isa = PBXBuildFile; fileRef = 650FDD371D3F8A0100D6562B /* FriendTableViewCell.swift */; };
		650FDD3A1D3F8A0100D6562B /* FriendTableViewCell.xib in Resources */ = {isa = PBXBuildFile; fileRef = 650FDD381D3F8A0100D6562B /* FriendTableViewCell.xib */; };
		656C5FAE1D3E139500D81943 /* CustomImage.swift in Sources */ = {isa = PBXBuildFile; fileRef = 656C5FAD1D3E139500D81943 /* CustomImage.swift */; };
		656C5FB51D3E551800D81943 /* FriendTableViewController.swift in Sources */ = {isa = PBXBuildFile; fileRef = 656C5FB31D3E551800D81943 /* FriendTableViewController.swift */; };
		656C5FB61D3E551800D81943 /* FriendTableViewController.xib in Resources */ = {isa = PBXBuildFile; fileRef = 656C5FB41D3E551800D81943 /* FriendTableViewController.xib */; };
		65F2715E1D3CAEA50042BDA2 /* AppDelegate.swift in Sources */ = {isa = PBXBuildFile; fileRef = 65F2715D1D3CAEA50042BDA2 /* AppDelegate.swift */; };
		65F271681D3CAEA50042BDA2 /* LaunchScreen.storyboard in Resources */ = {isa = PBXBuildFile; fileRef = 65F271661D3CAEA50042BDA2 /* LaunchScreen.storyboard */; };
		65F271711D3CB2420042BDA2 /* LoginViewController.swift in Sources */ = {isa = PBXBuildFile; fileRef = 65F2716F1D3CB2420042BDA2 /* LoginViewController.swift */; };
		65F271721D3CB2420042BDA2 /* LoginViewController.xib in Resources */ = {isa = PBXBuildFile; fileRef = 65F271701D3CB2420042BDA2 /* LoginViewController.xib */; };
		65F271781D3CF3C80042BDA2 /* RegisterViewController.swift in Sources */ = {isa = PBXBuildFile; fileRef = 65F271761D3CF3C80042BDA2 /* RegisterViewController.swift */; };
		65F2717C1D3CF4080042BDA2 /* OnboardingViewController.swift in Sources */ = {isa = PBXBuildFile; fileRef = 65F2717A1D3CF4080042BDA2 /* OnboardingViewController.swift */; };
		65F2717D1D3CF4080042BDA2 /* OnboardingViewController.xib in Resources */ = {isa = PBXBuildFile; fileRef = 65F2717B1D3CF4080042BDA2 /* OnboardingViewController.xib */; };
		65F2717F1D3CF5150042BDA2 /* ColorExtension.swift in Sources */ = {isa = PBXBuildFile; fileRef = 65F2717E1D3CF5150042BDA2 /* ColorExtension.swift */; };
		65F271811D3D00E50042BDA2 /* ViewGradient.swift in Sources */ = {isa = PBXBuildFile; fileRef = 65F271801D3D00E50042BDA2 /* ViewGradient.swift */; };
		65F271831D3D09420042BDA2 /* CustomButton.swift in Sources */ = {isa = PBXBuildFile; fileRef = 65F271821D3D09420042BDA2 /* CustomButton.swift */; };
		65F271A51D3D87950042BDA2 /* Montserrat-UltraLight.otf in Resources */ = {isa = PBXBuildFile; fileRef = 65F271A41D3D87940042BDA2 /* Montserrat-UltraLight.otf */; };
		65F271A91D3D9C500042BDA2 /* RegisterViewController.xib in Resources */ = {isa = PBXBuildFile; fileRef = 65F271A81D3D9C500042BDA2 /* RegisterViewController.xib */; };
/* End PBXBuildFile section */

/* Begin PBXFileReference section */
		087056BB095B7BF37F4685DD /* Pods-Notifi.debug.xcconfig */ = {isa = PBXFileReference; includeInIndex = 1; lastKnownFileType = text.xcconfig; name = "Pods-Notifi.debug.xcconfig"; path = "Pods/Target Support Files/Pods-Notifi/Pods-Notifi.debug.xcconfig"; sourceTree = "<group>"; };
		488FF19C1D3D064E008D5BA2 /* NightlyViewController.swift */ = {isa = PBXFileReference; fileEncoding = 4; lastKnownFileType = sourcecode.swift; path = NightlyViewController.swift; sourceTree = "<group>"; };
		488FF19E1D3D0657008D5BA2 /* NightlyViewController.xib */ = {isa = PBXFileReference; fileEncoding = 4; lastKnownFileType = file.xib; path = NightlyViewController.xib; sourceTree = "<group>"; };
		488FF1AD1D3D7C1F008D5BA2 /* Status.swift */ = {isa = PBXFileReference; fileEncoding = 4; lastKnownFileType = sourcecode.swift; path = Status.swift; sourceTree = "<group>"; };
		488FF1B01D3D7E36008D5BA2 /* StatusController .swift */ = {isa = PBXFileReference; fileEncoding = 4; lastKnownFileType = sourcecode.swift; path = "StatusController .swift"; sourceTree = "<group>"; };
		488FF1B21D3D83FC008D5BA2 /* NoticeViewController.swift */ = {isa = PBXFileReference; fileEncoding = 4; lastKnownFileType = sourcecode.swift; path = NoticeViewController.swift; sourceTree = "<group>"; };
		488FF1B41D3D841A008D5BA2 /* NoticeViewController.xib */ = {isa = PBXFileReference; fileEncoding = 4; lastKnownFileType = file.xib; path = NoticeViewController.xib; sourceTree = "<group>"; };
		488FF1BA1D3D9322008D5BA2 /* Assets.xcassets */ = {isa = PBXFileReference; lastKnownFileType = folder.assetcatalog; path = Assets.xcassets; sourceTree = "<group>"; };
		488FF1C01D3E0C42008D5BA2 /* PhotoProfileCollectionViewCell.swift */ = {isa = PBXFileReference; fileEncoding = 4; lastKnownFileType = sourcecode.swift; path = PhotoProfileCollectionViewCell.swift; sourceTree = "<group>"; };
		488FF1C11D3E0C42008D5BA2 /* PhotoProfileCollectionViewCell.xib */ = {isa = PBXFileReference; fileEncoding = 4; lastKnownFileType = file.xib; path = PhotoProfileCollectionViewCell.xib; sourceTree = "<group>"; };
		650FDD371D3F8A0100D6562B /* FriendTableViewCell.swift */ = {isa = PBXFileReference; fileEncoding = 4; lastKnownFileType = sourcecode.swift; path = FriendTableViewCell.swift; sourceTree = "<group>"; };
		650FDD381D3F8A0100D6562B /* FriendTableViewCell.xib */ = {isa = PBXFileReference; fileEncoding = 4; lastKnownFileType = file.xib; path = FriendTableViewCell.xib; sourceTree = "<group>"; };
		656C5FAD1D3E139500D81943 /* CustomImage.swift */ = {isa = PBXFileReference; fileEncoding = 4; lastKnownFileType = sourcecode.swift; path = CustomImage.swift; sourceTree = "<group>"; };
		656C5FB31D3E551800D81943 /* FriendTableViewController.swift */ = {isa = PBXFileReference; fileEncoding = 4; lastKnownFileType = sourcecode.swift; path = FriendTableViewController.swift; sourceTree = "<group>"; };
		656C5FB41D3E551800D81943 /* FriendTableViewController.xib */ = {isa = PBXFileReference; fileEncoding = 4; lastKnownFileType = file.xib; path = FriendTableViewController.xib; sourceTree = "<group>"; };
		65F2715A1D3CAEA50042BDA2 /* Notifi.app */ = {isa = PBXFileReference; explicitFileType = wrapper.application; includeInIndex = 0; path = Notifi.app; sourceTree = BUILT_PRODUCTS_DIR; };
		65F2715D1D3CAEA50042BDA2 /* AppDelegate.swift */ = {isa = PBXFileReference; lastKnownFileType = sourcecode.swift; path = AppDelegate.swift; sourceTree = "<group>"; };
		65F271671D3CAEA50042BDA2 /* Base */ = {isa = PBXFileReference; lastKnownFileType = file.storyboard; name = Base; path = Base.lproj/LaunchScreen.storyboard; sourceTree = "<group>"; };
		65F271691D3CAEA50042BDA2 /* Info.plist */ = {isa = PBXFileReference; lastKnownFileType = text.plist.xml; path = Info.plist; sourceTree = "<group>"; };
		65F2716F1D3CB2420042BDA2 /* LoginViewController.swift */ = {isa = PBXFileReference; fileEncoding = 4; lastKnownFileType = sourcecode.swift; path = LoginViewController.swift; sourceTree = "<group>"; };
		65F271701D3CB2420042BDA2 /* LoginViewController.xib */ = {isa = PBXFileReference; fileEncoding = 4; lastKnownFileType = file.xib; path = LoginViewController.xib; sourceTree = "<group>"; };
		65F271761D3CF3C80042BDA2 /* RegisterViewController.swift */ = {isa = PBXFileReference; fileEncoding = 4; lastKnownFileType = sourcecode.swift; path = RegisterViewController.swift; sourceTree = "<group>"; };
		65F2717A1D3CF4080042BDA2 /* OnboardingViewController.swift */ = {isa = PBXFileReference; fileEncoding = 4; lastKnownFileType = sourcecode.swift; path = OnboardingViewController.swift; sourceTree = "<group>"; };
		65F2717B1D3CF4080042BDA2 /* OnboardingViewController.xib */ = {isa = PBXFileReference; fileEncoding = 4; lastKnownFileType = file.xib; path = OnboardingViewController.xib; sourceTree = "<group>"; };
		65F2717E1D3CF5150042BDA2 /* ColorExtension.swift */ = {isa = PBXFileReference; fileEncoding = 4; lastKnownFileType = sourcecode.swift; path = ColorExtension.swift; sourceTree = "<group>"; };
		65F271801D3D00E50042BDA2 /* ViewGradient.swift */ = {isa = PBXFileReference; fileEncoding = 4; lastKnownFileType = sourcecode.swift; path = ViewGradient.swift; sourceTree = "<group>"; };
		65F271821D3D09420042BDA2 /* CustomButton.swift */ = {isa = PBXFileReference; fileEncoding = 4; lastKnownFileType = sourcecode.swift; path = CustomButton.swift; sourceTree = "<group>"; };
		65F271A41D3D87940042BDA2 /* Montserrat-UltraLight.otf */ = {isa = PBXFileReference; lastKnownFileType = file; name = "Montserrat-UltraLight.otf"; path = "../../../../../Downloads/montserrat/Montserrat-UltraLight.otf"; sourceTree = "<group>"; };
		65F271A81D3D9C500042BDA2 /* RegisterViewController.xib */ = {isa = PBXFileReference; fileEncoding = 4; lastKnownFileType = file.xib; path = RegisterViewController.xib; sourceTree = "<group>"; };
		ADCF6B8815EC1CF5CBA57063 /* Pods_Notifi.framework */ = {isa = PBXFileReference; explicitFileType = wrapper.framework; includeInIndex = 0; path = Pods_Notifi.framework; sourceTree = BUILT_PRODUCTS_DIR; };
		C6EA597F42D6C29793BAA9AD /* Pods-Notifi.release.xcconfig */ = {isa = PBXFileReference; includeInIndex = 1; lastKnownFileType = text.xcconfig; name = "Pods-Notifi.release.xcconfig"; path = "Pods/Target Support Files/Pods-Notifi/Pods-Notifi.release.xcconfig"; sourceTree = "<group>"; };
/* End PBXFileReference section */

/* Begin PBXFrameworksBuildPhase section */
		65F271571D3CAEA50042BDA2 /* Frameworks */ = {
			isa = PBXFrameworksBuildPhase;
			buildActionMask = 2147483647;
			files = (
				276F60DD1FA2787EE7C2560E /* Pods_Notifi.framework in Frameworks */,
			);
			runOnlyForDeploymentPostprocessing = 0;
		};
/* End PBXFrameworksBuildPhase section */

/* Begin PBXGroup section */
		3A79618E6E5C887ECA8CB56C /* Pods */ = {
			isa = PBXGroup;
			children = (
				087056BB095B7BF37F4685DD /* Pods-Notifi.debug.xcconfig */,
				C6EA597F42D6C29793BAA9AD /* Pods-Notifi.release.xcconfig */,
			);
			name = Pods;
			sourceTree = "<group>";
		};
		488FF1AF1D3D7E1A008D5BA2 /* Model Controller */ = {
			isa = PBXGroup;
			children = (
				488FF1B01D3D7E36008D5BA2 /* StatusController .swift */,
			);
			name = "Model Controller";
			sourceTree = "<group>";
		};
		65F271511D3CAEA50042BDA2 = {
			isa = PBXGroup;
			children = (
				65F2715C1D3CAEA50042BDA2 /* Notifi */,
				65F2715B1D3CAEA50042BDA2 /* Products */,
				3A79618E6E5C887ECA8CB56C /* Pods */,
				A31ED027C3D99D19FCCA82E2 /* Frameworks */,
			);
			sourceTree = "<group>";
		};
		65F2715B1D3CAEA50042BDA2 /* Products */ = {
			isa = PBXGroup;
			children = (
				65F2715A1D3CAEA50042BDA2 /* Notifi.app */,
			);
			name = Products;
			sourceTree = "<group>";
		};
		65F2715C1D3CAEA50042BDA2 /* Notifi */ = {
			isa = PBXGroup;
			children = (
				65F271A41D3D87940042BDA2 /* Montserrat-UltraLight.otf */,
				488FF1BA1D3D9322008D5BA2 /* Assets.xcassets */,
				488FF1AF1D3D7E1A008D5BA2 /* Model Controller */,
				65F271751D3CF3960042BDA2 /* View Controller */,
				65F271741D3CF3910042BDA2 /* View */,
				65F271731D3CF38C0042BDA2 /* Model */,
				65F2715D1D3CAEA50042BDA2 /* AppDelegate.swift */,
				65F271661D3CAEA50042BDA2 /* LaunchScreen.storyboard */,
				65F271691D3CAEA50042BDA2 /* Info.plist */,
				65F2717E1D3CF5150042BDA2 /* ColorExtension.swift */,
				65F271801D3D00E50042BDA2 /* ViewGradient.swift */,
				65F271821D3D09420042BDA2 /* CustomButton.swift */,
				656C5FAD1D3E139500D81943 /* CustomImage.swift */,
			);
			path = Notifi;
			sourceTree = "<group>";
		};
		65F271731D3CF38C0042BDA2 /* Model */ = {
			isa = PBXGroup;
			children = (
				488FF1AD1D3D7C1F008D5BA2 /* Status.swift */,
			);
			name = Model;
			sourceTree = "<group>";
		};
		65F271741D3CF3910042BDA2 /* View */ = {
			isa = PBXGroup;
			children = (
				650FDD381D3F8A0100D6562B /* FriendTableViewCell.xib */,
				65F271A81D3D9C500042BDA2 /* RegisterViewController.xib */,
				488FF1B41D3D841A008D5BA2 /* NoticeViewController.xib */,
				488FF1C11D3E0C42008D5BA2 /* PhotoProfileCollectionViewCell.xib */,
				488FF19E1D3D0657008D5BA2 /* NightlyViewController.xib */,
				65F271701D3CB2420042BDA2 /* LoginViewController.xib */,
				65F2717B1D3CF4080042BDA2 /* OnboardingViewController.xib */,
				656C5FB41D3E551800D81943 /* FriendTableViewController.xib */,
			);
			name = View;
			sourceTree = "<group>";
		};
		65F271751D3CF3960042BDA2 /* View Controller */ = {
			isa = PBXGroup;
			children = (
				488FF1B21D3D83FC008D5BA2 /* NoticeViewController.swift */,
				488FF1C01D3E0C42008D5BA2 /* PhotoProfileCollectionViewCell.swift */,
				488FF19C1D3D064E008D5BA2 /* NightlyViewController.swift */,
				65F2716F1D3CB2420042BDA2 /* LoginViewController.swift */,
				65F271761D3CF3C80042BDA2 /* RegisterViewController.swift */,
				65F2717A1D3CF4080042BDA2 /* OnboardingViewController.swift */,
				656C5FB31D3E551800D81943 /* FriendTableViewController.swift */,
				650FDD371D3F8A0100D6562B /* FriendTableViewCell.swift */,
			);
			name = "View Controller";
			sourceTree = "<group>";
		};
		A31ED027C3D99D19FCCA82E2 /* Frameworks */ = {
			isa = PBXGroup;
			children = (
				ADCF6B8815EC1CF5CBA57063 /* Pods_Notifi.framework */,
			);
			name = Frameworks;
			sourceTree = "<group>";
		};
/* End PBXGroup section */

/* Begin PBXNativeTarget section */
		65F271591D3CAEA50042BDA2 /* Notifi */ = {
			isa = PBXNativeTarget;
			buildConfigurationList = 65F2716C1D3CAEA50042BDA2 /* Build configuration list for PBXNativeTarget "Notifi" */;
			buildPhases = (
				7AA7B9E39E6951B36CF812F6 /* [CP] Check Pods Manifest.lock */,
				65F271561D3CAEA50042BDA2 /* Sources */,
				65F271571D3CAEA50042BDA2 /* Frameworks */,
				65F271581D3CAEA50042BDA2 /* Resources */,
				936ACE9462A5A743A945168A /* [CP] Embed Pods Frameworks */,
				848DACC78F8CACEE76ED359A /* [CP] Copy Pods Resources */,
			);
			buildRules = (
			);
			dependencies = (
			);
			name = Notifi;
			productName = Notifi;
			productReference = 65F2715A1D3CAEA50042BDA2 /* Notifi.app */;
			productType = "com.apple.product-type.application";
		};
/* End PBXNativeTarget section */

/* Begin PBXProject section */
		65F271521D3CAEA50042BDA2 /* Project object */ = {
			isa = PBXProject;
			attributes = {
				LastSwiftUpdateCheck = 0730;
				LastUpgradeCheck = 0730;
				ORGANIZATIONNAME = "Daniel Seong";
				TargetAttributes = {
					65F271591D3CAEA50042BDA2 = {
						CreatedOnToolsVersion = 7.3.1;
					};
				};
			};
			buildConfigurationList = 65F271551D3CAEA50042BDA2 /* Build configuration list for PBXProject "Notifi" */;
			compatibilityVersion = "Xcode 3.2";
			developmentRegion = English;
			hasScannedForEncodings = 0;
			knownRegions = (
				en,
				Base,
			);
			mainGroup = 65F271511D3CAEA50042BDA2;
			productRefGroup = 65F2715B1D3CAEA50042BDA2 /* Products */;
			projectDirPath = "";
			projectRoot = "";
			targets = (
				65F271591D3CAEA50042BDA2 /* Notifi */,
			);
		};
/* End PBXProject section */

/* Begin PBXResourcesBuildPhase section */
		65F271581D3CAEA50042BDA2 /* Resources */ = {
			isa = PBXResourcesBuildPhase;
			buildActionMask = 2147483647;
			files = (
				488FF19F1D3D0657008D5BA2 /* NightlyViewController.xib in Resources */,
				656C5FB61D3E551800D81943 /* FriendTableViewController.xib in Resources */,
				488FF1C31D3E0C42008D5BA2 /* PhotoProfileCollectionViewCell.xib in Resources */,
				488FF1B51D3D841A008D5BA2 /* NoticeViewController.xib in Resources */,
				65F271681D3CAEA50042BDA2 /* LaunchScreen.storyboard in Resources */,
				65F2717D1D3CF4080042BDA2 /* OnboardingViewController.xib in Resources */,
				488FF1BB1D3D9322008D5BA2 /* Assets.xcassets in Resources */,
				65F271721D3CB2420042BDA2 /* LoginViewController.xib in Resources */,
				65F271A51D3D87950042BDA2 /* Montserrat-UltraLight.otf in Resources */,
				65F271A91D3D9C500042BDA2 /* RegisterViewController.xib in Resources */,
				650FDD3A1D3F8A0100D6562B /* FriendTableViewCell.xib in Resources */,
			);
			runOnlyForDeploymentPostprocessing = 0;
		};
/* End PBXResourcesBuildPhase section */

/* Begin PBXShellScriptBuildPhase section */
		7AA7B9E39E6951B36CF812F6 /* [CP] Check Pods Manifest.lock */ = {
			isa = PBXShellScriptBuildPhase;
			buildActionMask = 2147483647;
			files = (
			);
			inputPaths = (
			);
			name = "[CP] Check Pods Manifest.lock";
			outputPaths = (
			);
			runOnlyForDeploymentPostprocessing = 0;
			shellPath = /bin/sh;
			shellScript = "diff \"${PODS_ROOT}/../Podfile.lock\" \"${PODS_ROOT}/Manifest.lock\" > /dev/null\nif [[ $? != 0 ]] ; then\n    cat << EOM\nerror: The sandbox is not in sync with the Podfile.lock. Run 'pod install' or update your CocoaPods installation.\nEOM\n    exit 1\nfi\n";
			showEnvVarsInLog = 0;
		};
		848DACC78F8CACEE76ED359A /* [CP] Copy Pods Resources */ = {
			isa = PBXShellScriptBuildPhase;
			buildActionMask = 2147483647;
			files = (
			);
			inputPaths = (
			);
			name = "[CP] Copy Pods Resources";
			outputPaths = (
			);
			runOnlyForDeploymentPostprocessing = 0;
			shellPath = /bin/sh;
			shellScript = "\"${SRCROOT}/Pods/Target Support Files/Pods-Notifi/Pods-Notifi-resources.sh\"\n";
			showEnvVarsInLog = 0;
		};
		936ACE9462A5A743A945168A /* [CP] Embed Pods Frameworks */ = {
			isa = PBXShellScriptBuildPhase;
			buildActionMask = 2147483647;
			files = (
			);
			inputPaths = (
			);
			name = "[CP] Embed Pods Frameworks";
			outputPaths = (
			);
			runOnlyForDeploymentPostprocessing = 0;
			shellPath = /bin/sh;
			shellScript = "\"${SRCROOT}/Pods/Target Support Files/Pods-Notifi/Pods-Notifi-frameworks.sh\"\n";
			showEnvVarsInLog = 0;
		};
/* End PBXShellScriptBuildPhase section */

/* Begin PBXSourcesBuildPhase section */
		65F271561D3CAEA50042BDA2 /* Sources */ = {
			isa = PBXSourcesBuildPhase;
			buildActionMask = 2147483647;
			files = (
				65F271811D3D00E50042BDA2 /* ViewGradient.swift in Sources */,
				488FF1B11D3D7E36008D5BA2 /* StatusController .swift in Sources */,
				488FF1C21D3E0C42008D5BA2 /* PhotoProfileCollectionViewCell.swift in Sources */,
				656C5FB51D3E551800D81943 /* FriendTableViewController.swift in Sources */,
				488FF1AE1D3D7C1F008D5BA2 /* Status.swift in Sources */,
				65F271781D3CF3C80042BDA2 /* RegisterViewController.swift in Sources */,
				488FF1B31D3D83FC008D5BA2 /* NoticeViewController.swift in Sources */,
				656C5FAE1D3E139500D81943 /* CustomImage.swift in Sources */,
				65F271711D3CB2420042BDA2 /* LoginViewController.swift in Sources */,
				65F2715E1D3CAEA50042BDA2 /* AppDelegate.swift in Sources */,
				65F271831D3D09420042BDA2 /* CustomButton.swift in Sources */,
				488FF19D1D3D064E008D5BA2 /* NightlyViewController.swift in Sources */,
				650FDD391D3F8A0100D6562B /* FriendTableViewCell.swift in Sources */,
				65F2717C1D3CF4080042BDA2 /* OnboardingViewController.swift in Sources */,
				65F2717F1D3CF5150042BDA2 /* ColorExtension.swift in Sources */,
			);
			runOnlyForDeploymentPostprocessing = 0;
		};
/* End PBXSourcesBuildPhase section */

/* Begin PBXVariantGroup section */
		65F271661D3CAEA50042BDA2 /* LaunchScreen.storyboard */ = {
			isa = PBXVariantGroup;
			children = (
				65F271671D3CAEA50042BDA2 /* Base */,
			);
			name = LaunchScreen.storyboard;
			sourceTree = "<group>";
		};
/* End PBXVariantGroup section */

/* Begin XCBuildConfiguration section */
		65F2716A1D3CAEA50042BDA2 /* Debug */ = {
			isa = XCBuildConfiguration;
			buildSettings = {
				ALWAYS_SEARCH_USER_PATHS = NO;
				CLANG_ANALYZER_NONNULL = YES;
				CLANG_CXX_LANGUAGE_STANDARD = "gnu++0x";
				CLANG_CXX_LIBRARY = "libc++";
				CLANG_ENABLE_MODULES = YES;
				CLANG_ENABLE_OBJC_ARC = YES;
				CLANG_WARN_BOOL_CONVERSION = YES;
				CLANG_WARN_CONSTANT_CONVERSION = YES;
				CLANG_WARN_DIRECT_OBJC_ISA_USAGE = YES_ERROR;
				CLANG_WARN_EMPTY_BODY = YES;
				CLANG_WARN_ENUM_CONVERSION = YES;
				CLANG_WARN_INT_CONVERSION = YES;
				CLANG_WARN_OBJC_ROOT_CLASS = YES_ERROR;
				CLANG_WARN_UNREACHABLE_CODE = YES;
				CLANG_WARN__DUPLICATE_METHOD_MATCH = YES;
				"CODE_SIGN_IDENTITY[sdk=iphoneos*]" = "iPhone Developer";
				COPY_PHASE_STRIP = NO;
				DEBUG_INFORMATION_FORMAT = dwarf;
				ENABLE_STRICT_OBJC_MSGSEND = YES;
				ENABLE_TESTABILITY = YES;
				GCC_C_LANGUAGE_STANDARD = gnu99;
				GCC_DYNAMIC_NO_PIC = NO;
				GCC_NO_COMMON_BLOCKS = YES;
				GCC_OPTIMIZATION_LEVEL = 0;
				GCC_PREPROCESSOR_DEFINITIONS = (
					"DEBUG=1",
					"$(inherited)",
				);
				GCC_WARN_64_TO_32_BIT_CONVERSION = YES;
				GCC_WARN_ABOUT_RETURN_TYPE = YES_ERROR;
				GCC_WARN_UNDECLARED_SELECTOR = YES;
				GCC_WARN_UNINITIALIZED_AUTOS = YES_AGGRESSIVE;
				GCC_WARN_UNUSED_FUNCTION = YES;
				GCC_WARN_UNUSED_VARIABLE = YES;
				IPHONEOS_DEPLOYMENT_TARGET = 9.3;
				MTL_ENABLE_DEBUG_INFO = YES;
				ONLY_ACTIVE_ARCH = YES;
				SDKROOT = iphoneos;
				SWIFT_OPTIMIZATION_LEVEL = "-Onone";
			};
			name = Debug;
		};
		65F2716B1D3CAEA50042BDA2 /* Release */ = {
			isa = XCBuildConfiguration;
			buildSettings = {
				ALWAYS_SEARCH_USER_PATHS = NO;
				CLANG_ANALYZER_NONNULL = YES;
				CLANG_CXX_LANGUAGE_STANDARD = "gnu++0x";
				CLANG_CXX_LIBRARY = "libc++";
				CLANG_ENABLE_MODULES = YES;
				CLANG_ENABLE_OBJC_ARC = YES;
				CLANG_WARN_BOOL_CONVERSION = YES;
				CLANG_WARN_CONSTANT_CONVERSION = YES;
				CLANG_WARN_DIRECT_OBJC_ISA_USAGE = YES_ERROR;
				CLANG_WARN_EMPTY_BODY = YES;
				CLANG_WARN_ENUM_CONVERSION = YES;
				CLANG_WARN_INT_CONVERSION = YES;
				CLANG_WARN_OBJC_ROOT_CLASS = YES_ERROR;
				CLANG_WARN_UNREACHABLE_CODE = YES;
				CLANG_WARN__DUPLICATE_METHOD_MATCH = YES;
				"CODE_SIGN_IDENTITY[sdk=iphoneos*]" = "iPhone Developer";
				COPY_PHASE_STRIP = NO;
				DEBUG_INFORMATION_FORMAT = "dwarf-with-dsym";
				ENABLE_NS_ASSERTIONS = NO;
				ENABLE_STRICT_OBJC_MSGSEND = YES;
				GCC_C_LANGUAGE_STANDARD = gnu99;
				GCC_NO_COMMON_BLOCKS = YES;
				GCC_WARN_64_TO_32_BIT_CONVERSION = YES;
				GCC_WARN_ABOUT_RETURN_TYPE = YES_ERROR;
				GCC_WARN_UNDECLARED_SELECTOR = YES;
				GCC_WARN_UNINITIALIZED_AUTOS = YES_AGGRESSIVE;
				GCC_WARN_UNUSED_FUNCTION = YES;
				GCC_WARN_UNUSED_VARIABLE = YES;
				IPHONEOS_DEPLOYMENT_TARGET = 9.3;
				MTL_ENABLE_DEBUG_INFO = NO;
				SDKROOT = iphoneos;
				VALIDATE_PRODUCT = YES;
			};
			name = Release;
		};
		65F2716D1D3CAEA50042BDA2 /* Debug */ = {
			isa = XCBuildConfiguration;
			baseConfigurationReference = 087056BB095B7BF37F4685DD /* Pods-Notifi.debug.xcconfig */;
			buildSettings = {
				ASSETCATALOG_COMPILER_APPICON_NAME = AppIcon;
				INFOPLIST_FILE = Notifi/Info.plist;
				LD_RUNPATH_SEARCH_PATHS = "$(inherited) @executable_path/Frameworks";
				PRODUCT_BUNDLE_IDENTIFIER = com.danielseong.Notifi;
				PRODUCT_NAME = "$(TARGET_NAME)";
			};
			name = Debug;
		};
		65F2716E1D3CAEA50042BDA2 /* Release */ = {
			isa = XCBuildConfiguration;
			baseConfigurationReference = C6EA597F42D6C29793BAA9AD /* Pods-Notifi.release.xcconfig */;
			buildSettings = {
				ASSETCATALOG_COMPILER_APPICON_NAME = AppIcon;
				INFOPLIST_FILE = Notifi/Info.plist;
				LD_RUNPATH_SEARCH_PATHS = "$(inherited) @executable_path/Frameworks";
				PRODUCT_BUNDLE_IDENTIFIER = com.danielseong.Notifi;
				PRODUCT_NAME = "$(TARGET_NAME)";
			};
			name = Release;
		};
/* End XCBuildConfiguration section */

/* Begin XCConfigurationList section */
		65F271551D3CAEA50042BDA2 /* Build configuration list for PBXProject "Notifi" */ = {
			isa = XCConfigurationList;
			buildConfigurations = (
				65F2716A1D3CAEA50042BDA2 /* Debug */,
				65F2716B1D3CAEA50042BDA2 /* Release */,
			);
			defaultConfigurationIsVisible = 0;
			defaultConfigurationName = Release;
		};
		65F2716C1D3CAEA50042BDA2 /* Build configuration list for PBXNativeTarget "Notifi" */ = {
			isa = XCConfigurationList;
			buildConfigurations = (
				65F2716D1D3CAEA50042BDA2 /* Debug */,
				65F2716E1D3CAEA50042BDA2 /* Release */,
			);
			defaultConfigurationIsVisible = 0;
			defaultConfigurationName = Release;
		};
/* End XCConfigurationList section */
	};
	rootObject = 65F271521D3CAEA50042BDA2 /* Project object */;
}
